# THIS IS AN AUTOGENERATED FILE. DO NOT EDIT THIS FILE DIRECTLY.
# yarn lockfile v1


csv-parse@^3.1.2:
  version "3.1.2"
  resolved "https://registry.yarnpkg.com/csv-parse/-/csv-parse-3.1.2.tgz#51bfd2d39b13e66f6da8656360b8ec82ca159494"

hex-rgb@^3.0.0:
  version "3.0.0"
  resolved "https://registry.yarnpkg.com/hex-rgb/-/hex-rgb-3.0.0.tgz#bdff98ce1c18daec8ed87797fe13b02831a9515a"

hex-to-hsl@^1.0.2:
  version "1.0.2"
  resolved "https://registry.yarnpkg.com/hex-to-hsl/-/hex-to-hsl-1.0.2.tgz#d5c59ece00178444e821c8fc58a430afc09831c2"
  dependencies:
    hex-to-rgb "^1.0.1"
    rgb-to-hsl "0.0.2"

hex-to-rgb@^1.0.1:
  version "1.0.1"
  resolved "https://registry.yarnpkg.com/hex-to-rgb/-/hex-to-rgb-1.0.1.tgz#100b9df126b32f2762adf8486be68c65ef8ed2a4"

rgb-to-hsl@0.0.2:
  version "0.0.2"
  resolved "https://registry.yarnpkg.com/rgb-to-hsl/-/rgb-to-hsl-0.0.2.tgz#36f9fc286376b90acc457e699005b4cb42d350ec"
